
Microsoft Visual Studio Solution File, Format Version 11.00
# Visual Studio 2010
Project("{FAE04EC0-301F-11D3-BF4B-00C04F79EFBC}") = "GumPad", "GumPad\GumPad.csproj", "{1DB3859A-EE36-43BE-9CEA-18A0AF4ADDFE}"
EndProject
Project("{FAE04EC0-301F-11D3-BF4B-00C04F79EFBC}") = "GumLib", "GumLib\GumLib.csproj", "{755A13EE-1832-4D2C-A735-BFC6970A23E8}"
EndProject
Project("{FAE04EC0-301F-11D3-BF4B-00C04F79EFBC}") = "gumc", "gumc\gumc.csproj", "{41061C9F-1E62-40BE-879C-92A667433AF2}"
EndProject
Project("{FAE04EC0-301F-11D3-BF4B-00C04F79EFBC}") = "GumPad4Word2007", "GumPad4Word2007\GumPad4Word2007.csproj", "{26A0C70C-C42C-424F-83BE-ED31768DE06B}"
EndProject
Project("{FAE04EC0-301F-11D3-BF4B-00C04F79EFBC}") = "GumPad4Word2010", "GumPad4Word2010\GumPad4Word2010.csproj", "{3B66585D-9782-48EE-AED9-7C2E4461F32F}"
EndProject
Global
	GlobalSection(SolutionConfigurationPlatforms) = preSolution
		Debug|Any CPU = Debug|Any CPU
		Release|Any CPU = Release|Any CPU
		Description = A collection of tools for composing text in Indian languages
	EndGlobalSection
	GlobalSection(ProjectConfigurationPlatforms) = postSolution
		{1DB3859A-EE36-43BE-9CEA-18A0AF4ADDFE}.Debug|Any CPU.ActiveCfg = Debug|Any CPU
		{1DB3859A-EE36-43BE-9CEA-18A0AF4ADDFE}.Debug|Any CPU.Build.0 = Debug|Any CPU
		{1DB3859A-EE36-43BE-9CEA-18A0AF4ADDFE}.Release|Any CPU.ActiveCfg = Release|Any CPU
		{1DB3859A-EE36-43BE-9CEA-18A0AF4ADDFE}.Release|Any CPU.Build.0 = Release|Any CPU
		{755A13EE-1832-4D2C-A735-BFC6970A23E8}.Debug|Any CPU.ActiveCfg = Debug|Any CPU
		{755A13EE-1832-4D2C-A735-BFC6970A23E8}.Debug|Any CPU.Build.0 = Debug|Any CPU
		{755A13EE-1832-4D2C-A735-BFC6970A23E8}.Release|Any CPU.ActiveCfg = Release|Any CPU
		{755A13EE-1832-4D2C-A735-BFC6970A23E8}.Release|Any CPU.Build.0 = Release|Any CPU
		{41061C9F-1E62-40BE-879C-92A667433AF2}.Debug|Any CPU.ActiveCfg = Debug|Any CPU
		{41061C9F-1E62-40BE-879C-92A667433AF2}.Debug|Any CPU.Build.0 = Debug|Any CPU
		{41061C9F-1E62-40BE-879C-92A667433AF2}.Release|Any CPU.ActiveCfg = Release|Any CPU
		{41061C9F-1E62-40BE-879C-92A667433AF2}.Release|Any CPU.Build.0 = Release|Any CPU
		{26A0C70C-C42C-424F-83BE-ED31768DE06B}.Debug|Any CPU.ActiveCfg = Debug|Any CPU
		{26A0C70C-C42C-424F-83BE-ED31768DE06B}.Debug|Any CPU.Build.0 = Debug|Any CPU
		{26A0C70C-C42C-424F-83BE-ED31768DE06B}.Release|Any CPU.ActiveCfg = Release|Any CPU
		{26A0C70C-C42C-424F-83BE-ED31768DE06B}.Release|Any CPU.Build.0 = Release|Any CPU
		{3B66585D-9782-48EE-AED9-7C2E4461F32F}.Debug|Any CPU.ActiveCfg = Debug|Any CPU
		{3B66585D-9782-48EE-AED9-7C2E4461F32F}.Debug|Any CPU.Build.0 = Debug|Any CPU
		{3B66585D-9782-48EE-AED9-7C2E4461F32F}.Release|Any CPU.ActiveCfg = Release|Any CPU
		{3B66585D-9782-48EE-AED9-7C2E4461F32F}.Release|Any CPU.Build.0 = Release|Any CPU
	EndGlobalSection
	GlobalSection(SolutionProperties) = preSolution
		HideSolutionNode = FALSE
	EndGlobalSection
EndGlobal
